
Microsoft Visual Studio Solution File, Format Version 12.00
# Visual Studio Version 17
VisualStudioVersion = 17.11.35222.181
MinimumVisualStudioVersion = 10.0.40219.1
Project("{FAE04EC0-301F-11D3-BF4B-00C04F79EFBC}") = "BetterNavigationServices", "BetterNavigationServices.csproj", "{64A026DE-CC08-4B94-B5AB-4104494F1289}"
EndProject
Global
	GlobalSection(SolutionConfigurationPlatforms) = preSolution
		Debug|Any CPU = Debug|Any CPU
		Release|Any CPU = Release|Any CPU
	EndGlobalSection
	GlobalSection(ProjectConfigurationPlatforms) = postSolution
		{64A026DE-CC08-4B94-B5AB-4104494F1289}.Debug|Any CPU.ActiveCfg = Debug|Any CPU
		{64A026DE-CC08-4B94-B5AB-4104494F1289}.Debug|Any CPU.Build.0 = Debug|Any CPU
		{64A026DE-CC08-4B94-B5AB-4104494F1289}.Release|Any CPU.ActiveCfg = Release|Any CPU
		{64A026DE-CC08-4B94-B5AB-4104494F1289}.Release|Any CPU.Build.0 = Release|Any CPU
	EndGlobalSection
	GlobalSection(SolutionProperties) = preSolution
		HideSolutionNode = FALSE
	EndGlobalSection
	GlobalSection(ExtensibilityGlobals) = postSolution
		SolutionGuid = {F7D258E2-7651-420A-ACAB-C1A8C2CA8F51}
	EndGlobalSection
EndGlobal
